
Microsoft Visual Studio Solution File, Format Version 12.00
# Visual Studio 15
VisualStudioVersion = 15.0.28307.852
MinimumVisualStudioVersion = 10.0.40219.1
Project("{FAE04EC0-301F-11D3-BF4B-00C04F79EFBC}") = "HotelManagement", "HotelManagement\HotelManagement.csproj", "{89C66561-4F8F-49A4-A493-8F140FFF48BD}"
EndProject
Global
	GlobalSection(SolutionConfigurationPlatforms) = preSolution
		Debug|Any CPU = Debug|Any CPU
		Release|Any CPU = Release|Any CPU
	EndGlobalSection
	GlobalSection(ProjectConfigurationPlatforms) = postSolution
		{89C66561-4F8F-49A4-A493-8F140FFF48BD}.Debug|Any CPU.ActiveCfg = Debug|Any CPU
		{89C66561-4F8F-49A4-A493-8F140FFF48BD}.Debug|Any CPU.Build.0 = Debug|Any CPU
		{89C66561-4F8F-49A4-A493-8F140FFF48BD}.Release|Any CPU.ActiveCfg = Release|Any CPU
		{89C66561-4F8F-49A4-A493-8F140FFF48BD}.Release|Any CPU.Build.0 = Release|Any CPU
	EndGlobalSection
	GlobalSection(SolutionProperties) = preSolution
		HideSolutionNode = FALSE
	EndGlobalSection
	GlobalSection(ExtensibilityGlobals) = postSolution
		SolutionGuid = {BA5DB20A-B1A7-43A9-BC67-59567FB215B9}
	EndGlobalSection
EndGlobal
